# This file is generated by running "yarn install" inside your project.
# Manual changes might be lost - proceed with caution!

__metadata:
  version: 8
  cacheKey: 10c0

"cargo-cp-artifact@npm:^0.1":
  version: 0.1.9
  resolution: "cargo-cp-artifact@npm:0.1.9"
  bin:
    cargo-cp-artifact: bin/cargo-cp-artifact.js
  checksum: 10c0/60eb1845917cfb021920fcf600a72379890b385396f9c69107face3b16b347960b66cd3d82cc169c6ac8b1212cf0706584125bc36fbc08353b033310c17ca0a6
  languageName: node
  linkType: hard

"get-metadata@workspace:.":
  version: 0.0.0-use.local
  resolution: "get-metadata@workspace:."
  dependencies:
    cargo-cp-artifact: "npm:^0.1"
  languageName: unknown
  linkType: soft
